// !$*UTF8*$!
{
	archiveVersion = 1;
	classes = {
	};
	objectVersion = 50;
	objects = {

/* Begin PBXBuildFile section */
		CD15F48723F5BD8100063892 /* AppDelegate.swift in Sources */ = {isa = PBXBuildFile; fileRef = CD15F48623F5BD8100063892 /* AppDelegate.swift */; };
		CD15F48923F5BD8100063892 /* SceneDelegate.swift in Sources */ = {isa = PBXBuildFile; fileRef = CD15F48823F5BD8100063892 /* SceneDelegate.swift */; };
		CD15F48E23F5BD8100063892 /* Main.storyboard in Resources */ = {isa = PBXBuildFile; fileRef = CD15F48C23F5BD8100063892 /* Main.storyboard */; };
		CD15F49023F5BD8200063892 /* Assets.xcassets in Resources */ = {isa = PBXBuildFile; fileRef = CD15F48F23F5BD8200063892 /* Assets.xcassets */; };
		CD15F49323F5BD8200063892 /* LaunchScreen.storyboard in Resources */ = {isa = PBXBuildFile; fileRef = CD15F49123F5BD8200063892 /* LaunchScreen.storyboard */; };
		CD15F49B23F5BDB200063892 /* BaseTabBarController.swift in Sources */ = {isa = PBXBuildFile; fileRef = CD15F49A23F5BDB200063892 /* BaseTabBarController.swift */; };
		CD15F49D23F5C03900063892 /* AppsSearchController.swift in Sources */ = {isa = PBXBuildFile; fileRef = CD15F49C23F5C03900063892 /* AppsSearchController.swift */; };
		CD5334AC23F8410C005C7371 /* UIStackView.swift in Sources */ = {isa = PBXBuildFile; fileRef = CD5334AB23F8410C005C7371 /* UIStackView.swift */; };
		CD5334AE23F84115005C7371 /* UIView+Layout.swift in Sources */ = {isa = PBXBuildFile; fileRef = CD5334AD23F84115005C7371 /* UIView+Layout.swift */; };
		CD5334B023F8414D005C7371 /* AppsSearchCell.swift in Sources */ = {isa = PBXBuildFile; fileRef = CD5334AF23F8414D005C7371 /* AppsSearchCell.swift */; };
/* End PBXBuildFile section */

/* Begin PBXFileReference section */
		CD15F48323F5BD8100063892 /* AppstoreJSON.app */ = {isa = PBXFileReference; explicitFileType = wrapper.application; includeInIndex = 0; path = AppstoreJSON.app; sourceTree = BUILT_PRODUCTS_DIR; };
		CD15F48623F5BD8100063892 /* AppDelegate.swift */ = {isa = PBXFileReference; lastKnownFileType = sourcecode.swift; path = AppDelegate.swift; sourceTree = "<group>"; };
		CD15F48823F5BD8100063892 /* SceneDelegate.swift */ = {isa = PBXFileReference; lastKnownFileType = sourcecode.swift; path = SceneDelegate.swift; sourceTree = "<group>"; };
		CD15F48D23F5BD8100063892 /* Base */ = {isa = PBXFileReference; lastKnownFileType = file.storyboard; name = Base; path = Base.lproj/Main.storyboard; sourceTree = "<group>"; };
		CD15F48F23F5BD8200063892 /* Assets.xcassets */ = {isa = PBXFileReference; lastKnownFileType = folder.assetcatalog; path = Assets.xcassets; sourceTree = "<group>"; };
		CD15F49223F5BD8200063892 /* Base */ = {isa = PBXFileReference; lastKnownFileType = file.storyboard; name = Base; path = Base.lproj/LaunchScreen.storyboard; sourceTree = "<group>"; };
		CD15F49423F5BD8200063892 /* Info.plist */ = {isa = PBXFileReference; lastKnownFileType = text.plist.xml; path = Info.plist; sourceTree = "<group>"; };
		CD15F49A23F5BDB200063892 /* BaseTabBarController.swift */ = {isa = PBXFileReference; lastKnownFileType = sourcecode.swift; path = BaseTabBarController.swift; sourceTree = "<group>"; };
		CD15F49C23F5C03900063892 /* AppsSearchController.swift */ = {isa = PBXFileReference; lastKnownFileType = sourcecode.swift; path = AppsSearchController.swift; sourceTree = "<group>"; };
		CD5334AB23F8410C005C7371 /* UIStackView.swift */ = {isa = PBXFileReference; fileEncoding = 4; lastKnownFileType = sourcecode.swift; path = UIStackView.swift; sourceTree = "<group>"; };
		CD5334AD23F84115005C7371 /* UIView+Layout.swift */ = {isa = PBXFileReference; fileEncoding = 4; lastKnownFileType = sourcecode.swift; path = "UIView+Layout.swift"; sourceTree = "<group>"; };
		CD5334AF23F8414D005C7371 /* AppsSearchCell.swift */ = {isa = PBXFileReference; lastKnownFileType = sourcecode.swift; path = AppsSearchCell.swift; sourceTree = "<group>"; };
/* End PBXFileReference section */

/* Begin PBXFrameworksBuildPhase section */
		CD15F48023F5BD8100063892 /* Frameworks */ = {
			isa = PBXFrameworksBuildPhase;
			buildActionMask = 2147483647;
			files = (
			);
			runOnlyForDeploymentPostprocessing = 0;
		};
/* End PBXFrameworksBuildPhase section */

/* Begin PBXGroup section */
		CD15F47A23F5BD8100063892 = {
			isa = PBXGroup;
			children = (
				CD15F48523F5BD8100063892 /* AppstoreJSON */,
				CD15F48423F5BD8100063892 /* Products */,
			);
			sourceTree = "<group>";
		};
		CD15F48423F5BD8100063892 /* Products */ = {
			isa = PBXGroup;
			children = (
				CD15F48323F5BD8100063892 /* AppstoreJSON.app */,
			);
			name = Products;
			sourceTree = "<group>";
		};
		CD15F48523F5BD8100063892 /* AppstoreJSON */ = {
			isa = PBXGroup;
			children = (
				CD5334AA23F840BB005C7371 /* Helpers */,
				CD5334A823F840A7005C7371 /* Views */,
				CD5334A923F840B3005C7371 /* Controllers */,
				CD15F48623F5BD8100063892 /* AppDelegate.swift */,
				CD15F48823F5BD8100063892 /* SceneDelegate.swift */,
				CD15F48C23F5BD8100063892 /* Main.storyboard */,
				CD15F48F23F5BD8200063892 /* Assets.xcassets */,
				CD15F49123F5BD8200063892 /* LaunchScreen.storyboard */,
				CD15F49423F5BD8200063892 /* Info.plist */,
			);
			path = AppstoreJSON;
			sourceTree = "<group>";
		};
		CD5334A823F840A7005C7371 /* Views */ = {
			isa = PBXGroup;
			children = (
				CD5334AF23F8414D005C7371 /* AppsSearchCell.swift */,
			);
			path = Views;
			sourceTree = "<group>";
		};
		CD5334A923F840B3005C7371 /* Controllers */ = {
			isa = PBXGroup;
			children = (
				CD15F49A23F5BDB200063892 /* BaseTabBarController.swift */,
				CD15F49C23F5C03900063892 /* AppsSearchController.swift */,
			);
			path = Controllers;
			sourceTree = "<group>";
		};
		CD5334AA23F840BB005C7371 /* Helpers */ = {
			isa = PBXGroup;
			children = (
				CD5334AB23F8410C005C7371 /* UIStackView.swift */,
				CD5334AD23F84115005C7371 /* UIView+Layout.swift */,
			);
			path = Helpers;
			sourceTree = "<group>";
		};
/* End PBXGroup section */

/* Begin PBXNativeTarget section */
		CD15F48223F5BD8100063892 /* AppstoreJSON */ = {
			isa = PBXNativeTarget;
			buildConfigurationList = CD15F49723F5BD8200063892 /* Build configuration list for PBXNativeTarget "AppstoreJSON" */;
			buildPhases = (
				CD15F47F23F5BD8100063892 /* Sources */,
				CD15F48023F5BD8100063892 /* Frameworks */,
				CD15F48123F5BD8100063892 /* Resources */,
			);
			buildRules = (
			);
			dependencies = (
			);
			name = AppstoreJSON;
			productName = AppstoreJSON;
			productReference = CD15F48323F5BD8100063892 /* AppstoreJSON.app */;
			productType = "com.apple.product-type.application";
		};
/* End PBXNativeTarget section */

/* Begin PBXProject section */
		CD15F47B23F5BD8100063892 /* Project object */ = {
			isa = PBXProject;
			attributes = {
				LastSwiftUpdateCheck = 1130;
				LastUpgradeCheck = 1130;
				ORGANIZATIONNAME = OuSS;
				TargetAttributes = {
					CD15F48223F5BD8100063892 = {
						CreatedOnToolsVersion = 11.3.1;
					};
				};
			};
			buildConfigurationList = CD15F47E23F5BD8100063892 /* Build configuration list for PBXProject "AppstoreJSON" */;
			compatibilityVersion = "Xcode 9.3";
			developmentRegion = en;
			hasScannedForEncodings = 0;
			knownRegions = (
				en,
				Base,
			);
			mainGroup = CD15F47A23F5BD8100063892;
			productRefGroup = CD15F48423F5BD8100063892 /* Products */;
			projectDirPath = "";
			projectRoot = "";
			targets = (
				CD15F48223F5BD8100063892 /* AppstoreJSON */,
			);
		};
/* End PBXProject section */

/* Begin PBXResourcesBuildPhase section */
		CD15F48123F5BD8100063892 /* Resources */ = {
			isa = PBXResourcesBuildPhase;
			buildActionMask = 2147483647;
			files = (
				CD15F49323F5BD8200063892 /* LaunchScreen.storyboard in Resources */,
				CD15F49023F5BD8200063892 /* Assets.xcassets in Resources */,
				CD15F48E23F5BD8100063892 /* Main.storyboard in Resources */,
			);
			runOnlyForDeploymentPostprocessing = 0;
		};
/* End PBXResourcesBuildPhase section */

/* Begin PBXSourcesBuildPhase section */
		CD15F47F23F5BD8100063892 /* Sources */ = {
			isa = PBXSourcesBuildPhase;
			buildActionMask = 2147483647;
			files = (
				CD15F48723F5BD8100063892 /* AppDelegate.swift in Sources */,
				CD5334B023F8414D005C7371 /* AppsSearchCell.swift in Sources */,
				CD15F48923F5BD8100063892 /* SceneDelegate.swift in Sources */,
				CD5334AE23F84115005C7371 /* UIView+Layout.swift in Sources */,
				CD5334AC23F8410C005C7371 /* UIStackView.swift in Sources */,
				CD15F49B23F5BDB200063892 /* BaseTabBarController.swift in Sources */,
				CD15F49D23F5C03900063892 /* AppsSearchController.swift in Sources */,
			);
			runOnlyForDeploymentPostprocessing = 0;
		};
/* End PBXSourcesBuildPhase section */

/* Begin PBXVariantGroup section */
		CD15F48C23F5BD8100063892 /* Main.storyboard */ = {
			isa = PBXVariantGroup;
			children = (
				CD15F48D23F5BD8100063892 /* Base */,
			);
			name = Main.storyboard;
			sourceTree = "<group>";
		};
		CD15F49123F5BD8200063892 /* LaunchScreen.storyboard */ = {
			isa = PBXVariantGroup;
			children = (
				CD15F49223F5BD8200063892 /* Base */,
			);
			name = LaunchScreen.storyboard;
			sourceTree = "<group>";
		};
/* End PBXVariantGroup section */

/* Begin XCBuildConfiguration section */
		CD15F49523F5BD8200063892 /* Debug */ = {
			isa = XCBuildConfiguration;
			buildSettings = {
				ALWAYS_SEARCH_USER_PATHS = NO;
				CLANG_ANALYZER_NONNULL = YES;
				CLANG_ANALYZER_NUMBER_OBJECT_CONVERSION = YES_AGGRESSIVE;
				CLANG_CXX_LANGUAGE_STANDARD = "gnu++14";
				CLANG_CXX_LIBRARY = "libc++";
				CLANG_ENABLE_MODULES = YES;
				CLANG_ENABLE_OBJC_ARC = YES;
				CLANG_ENABLE_OBJC_WEAK = YES;
				CLANG_WARN_BLOCK_CAPTURE_AUTORELEASING = YES;
				CLANG_WARN_BOOL_CONVERSION = YES;
				CLANG_WARN_COMMA = YES;
				CLANG_WARN_CONSTANT_CONVERSION = YES;
				CLANG_WARN_DEPRECATED_OBJC_IMPLEMENTATIONS = YES;
				CLANG_WARN_DIRECT_OBJC_ISA_USAGE = YES_ERROR;
				CLANG_WARN_DOCUMENTATION_COMMENTS = YES;
				CLANG_WARN_EMPTY_BODY = YES;
				CLANG_WARN_ENUM_CONVERSION = YES;
				CLANG_WARN_INFINITE_RECURSION = YES;
				CLANG_WARN_INT_CONVERSION = YES;
				CLANG_WARN_NON_LITERAL_NULL_CONVERSION = YES;
				CLANG_WARN_OBJC_IMPLICIT_RETAIN_SELF = YES;
				CLANG_WARN_OBJC_LITERAL_CONVERSION = YES;
				CLANG_WARN_OBJC_ROOT_CLASS = YES_ERROR;
				CLANG_WARN_RANGE_LOOP_ANALYSIS = YES;
				CLANG_WARN_STRICT_PROTOTYPES = YES;
				CLANG_WARN_SUSPICIOUS_MOVE = YES;
				CLANG_WARN_UNGUARDED_AVAILABILITY = YES_AGGRESSIVE;
				CLANG_WARN_UNREACHABLE_CODE = YES;
				CLANG_WARN__DUPLICATE_METHOD_MATCH = YES;
				COPY_PHASE_STRIP = NO;
				DEBUG_INFORMATION_FORMAT = dwarf;
				ENABLE_STRICT_OBJC_MSGSEND = YES;
				ENABLE_TESTABILITY = YES;
				GCC_C_LANGUAGE_STANDARD = gnu11;
				GCC_DYNAMIC_NO_PIC = NO;
				GCC_NO_COMMON_BLOCKS = YES;
				GCC_OPTIMIZATION_LEVEL = 0;
				GCC_PREPROCESSOR_DEFINITIONS = (
					"DEBUG=1",
					"$(inherited)",
				);
				GCC_WARN_64_TO_32_BIT_CONVERSION = YES;
				GCC_WARN_ABOUT_RETURN_TYPE = YES_ERROR;
				GCC_WARN_UNDECLARED_SELECTOR = YES;
				GCC_WARN_UNINITIALIZED_AUTOS = YES_AGGRESSIVE;
				GCC_WARN_UNUSED_FUNCTION = YES;
				GCC_WARN_UNUSED_VARIABLE = YES;
				IPHONEOS_DEPLOYMENT_TARGET = 13.2;
				MTL_ENABLE_DEBUG_INFO = INCLUDE_SOURCE;
				MTL_FAST_MATH = YES;
				ONLY_ACTIVE_ARCH = YES;
				SDKROOT = iphoneos;
				SWIFT_ACTIVE_COMPILATION_CONDITIONS = DEBUG;
				SWIFT_OPTIMIZATION_LEVEL = "-Onone";
			};
			name = Debug;
		};
		CD15F49623F5BD8200063892 /* Release */ = {
			isa = XCBuildConfiguration;
			buildSettings = {
				ALWAYS_SEARCH_USER_PATHS = NO;
				CLANG_ANALYZER_NONNULL = YES;
				CLANG_ANALYZER_NUMBER_OBJECT_CONVERSION = YES_AGGRESSIVE;
				CLANG_CXX_LANGUAGE_STANDARD = "gnu++14";
				CLANG_CXX_LIBRARY = "libc++";
				CLANG_ENABLE_MODULES = YES;
				CLANG_ENABLE_OBJC_ARC = YES;
				CLANG_ENABLE_OBJC_WEAK = YES;
				CLANG_WARN_BLOCK_CAPTURE_AUTORELEASING = YES;
				CLANG_WARN_BOOL_CONVERSION = YES;
				CLANG_WARN_COMMA = YES;
				CLANG_WARN_CONSTANT_CONVERSION = YES;
				CLANG_WARN_DEPRECATED_OBJC_IMPLEMENTATIONS = YES;
				CLANG_WARN_DIRECT_OBJC_ISA_USAGE = YES_ERROR;
				CLANG_WARN_DOCUMENTATION_COMMENTS = YES;
				CLANG_WARN_EMPTY_BODY = YES;
				CLANG_WARN_ENUM_CONVERSION = YES;
				CLANG_WARN_INFINITE_RECURSION = YES;
				CLANG_WARN_INT_CONVERSION = YES;
				CLANG_WARN_NON_LITERAL_NULL_CONVERSION = YES;
				CLANG_WARN_OBJC_IMPLICIT_RETAIN_SELF = YES;
				CLANG_WARN_OBJC_LITERAL_CONVERSION = YES;
				CLANG_WARN_OBJC_ROOT_CLASS = YES_ERROR;
				CLANG_WARN_RANGE_LOOP_ANALYSIS = YES;
				CLANG_WARN_STRICT_PROTOTYPES = YES;
				CLANG_WARN_SUSPICIOUS_MOVE = YES;
				CLANG_WARN_UNGUARDED_AVAILABILITY = YES_AGGRESSIVE;
				CLANG_WARN_UNREACHABLE_CODE = YES;
				CLANG_WARN__DUPLICATE_METHOD_MATCH = YES;
				COPY_PHASE_STRIP = NO;
				DEBUG_INFORMATION_FORMAT = "dwarf-with-dsym";
				ENABLE_NS_ASSERTIONS = NO;
				ENABLE_STRICT_OBJC_MSGSEND = YES;
				GCC_C_LANGUAGE_STANDARD = gnu11;
				GCC_NO_COMMON_BLOCKS = YES;
				GCC_WARN_64_TO_32_BIT_CONVERSION = YES;
				GCC_WARN_ABOUT_RETURN_TYPE = YES_ERROR;
				GCC_WARN_UNDECLARED_SELECTOR = YES;
				GCC_WARN_UNINITIALIZED_AUTOS = YES_AGGRESSIVE;
				GCC_WARN_UNUSED_FUNCTION = YES;
				GCC_WARN_UNUSED_VARIABLE = YES;
				IPHONEOS_DEPLOYMENT_TARGET = 13.2;
				MTL_ENABLE_DEBUG_INFO = NO;
				MTL_FAST_MATH = YES;
				SDKROOT = iphoneos;
				SWIFT_COMPILATION_MODE = wholemodule;
				SWIFT_OPTIMIZATION_LEVEL = "-O";
				VALIDATE_PRODUCT = YES;
			};
			name = Release;
		};
		CD15F49823F5BD8200063892 /* Debug */ = {
			isa = XCBuildConfiguration;
			buildSettings = {
				ASSETCATALOG_COMPILER_APPICON_NAME = AppIcon;
				CODE_SIGN_STYLE = Automatic;
				INFOPLIST_FILE = AppstoreJSON/Info.plist;
				LD_RUNPATH_SEARCH_PATHS = (
					"$(inherited)",
					"@executable_path/Frameworks",
				);
				PRODUCT_BUNDLE_IDENTIFIER = com.ouss.AppstoreJSON;
				PRODUCT_NAME = "$(TARGET_NAME)";
				SWIFT_VERSION = 5.0;
				TARGETED_DEVICE_FAMILY = "1,2";
			};
			name = Debug;
		};
		CD15F49923F5BD8200063892 /* Release */ = {
			isa = XCBuildConfiguration;
			buildSettings = {
				ASSETCATALOG_COMPILER_APPICON_NAME = AppIcon;
				CODE_SIGN_STYLE = Automatic;
				INFOPLIST_FILE = AppstoreJSON/Info.plist;
				LD_RUNPATH_SEARCH_PATHS = (
					"$(inherited)",
					"@executable_path/Frameworks",
				);
				PRODUCT_BUNDLE_IDENTIFIER = com.ouss.AppstoreJSON;
				PRODUCT_NAME = "$(TARGET_NAME)";
				SWIFT_VERSION = 5.0;
				TARGETED_DEVICE_FAMILY = "1,2";
			};
			name = Release;
		};
/* End XCBuildConfiguration section */

/* Begin XCConfigurationList section */
		CD15F47E23F5BD8100063892 /* Build configuration list for PBXProject "AppstoreJSON" */ = {
			isa = XCConfigurationList;
			buildConfigurations = (
				CD15F49523F5BD8200063892 /* Debug */,
				CD15F49623F5BD8200063892 /* Release */,
			);
			defaultConfigurationIsVisible = 0;
			defaultConfigurationName = Release;
		};
		CD15F49723F5BD8200063892 /* Build configuration list for PBXNativeTarget "AppstoreJSON" */ = {
			isa = XCConfigurationList;
			buildConfigurations = (
				CD15F49823F5BD8200063892 /* Debug */,
				CD15F49923F5BD8200063892 /* Release */,
			);
			defaultConfigurationIsVisible = 0;
			defaultConfigurationName = Release;
		};
/* End XCConfigurationList section */
	};
	rootObject = CD15F47B23F5BD8100063892 /* Project object */;
}
